// !$*UTF8*$!
{
	archiveVersion = 1;
	classes = {
	};
	objectVersion = 55;
	objects = {

/* Begin PBXBuildFile section */
		F459D9A7284A2BA600E981D9 /* DanishApp.swift in Sources */ = {isa = PBXBuildFile; fileRef = F459D9A6284A2BA600E981D9 /* DanishApp.swift */; };
		F459D9A9284A2BA600E981D9 /* ContentView.swift in Sources */ = {isa = PBXBuildFile; fileRef = F459D9A8284A2BA600E981D9 /* ContentView.swift */; };
		F459D9AB284A2BB000E981D9 /* Assets.xcassets in Resources */ = {isa = PBXBuildFile; fileRef = F459D9AA284A2BB000E981D9 /* Assets.xcassets */; };
		F459D9AE284A2BB000E981D9 /* Preview Assets.xcassets in Resources */ = {isa = PBXBuildFile; fileRef = F459D9AD284A2BB000E981D9 /* Preview Assets.xcassets */; };
		F459D9B0284A2BB000E981D9 /* Persistence.swift in Sources */ = {isa = PBXBuildFile; fileRef = F459D9AF284A2BB000E981D9 /* Persistence.swift */; };
		F459D9B3284A2BB000E981D9 /* Danish.xcdatamodeld in Sources */ = {isa = PBXBuildFile; fileRef = F459D9B1284A2BB000E981D9 /* Danish.xcdatamodeld */; };
		F459D9BE284A2CE400E981D9 /* NetworkManager.swift in Sources */ = {isa = PBXBuildFile; fileRef = F459D9BD284A2CE400E981D9 /* NetworkManager.swift */; };
		F459D9C0284A2CFB00E981D9 /* APIModels.swift in Sources */ = {isa = PBXBuildFile; fileRef = F459D9BF284A2CFB00E981D9 /* APIModels.swift */; };
		F459D9C2284A2D2000E981D9 /* HomeView.swift in Sources */ = {isa = PBXBuildFile; fileRef = F459D9C1284A2D2000E981D9 /* HomeView.swift */; };
		F459D9C4284A2D4D00E981D9 /* ProfileView.swift in Sources */ = {isa = PBXBuildFile; fileRef = F459D9C3284A2D4D00E981D9 /* ProfileView.swift */; };
		F459D9C8284A2D9D00E981D9 /* Extensions.swift in Sources */ = {isa = PBXBuildFile; fileRef = F459D9C7284A2D9D00E981D9 /* Extensions.swift */; };
/* End PBXBuildFile section */

/* Begin PBXFileReference section */
		F459D9A3284A2BA600E981D9 /* Danish.app */ = {isa = PBXFileReference; explicitFileType = wrapper.application; includeInIndex = 0; path = Danish.app; sourceTree = BUILT_PRODUCTS_DIR; };
		F459D9A6284A2BA600E981D9 /* DanishApp.swift */ = {isa = PBXFileReference; lastKnownFileType = sourcecode.swift; path = DanishApp.swift; sourceTree = "<group>"; };
		F459D9A8284A2BA600E981D9 /* ContentView.swift */ = {isa = PBXFileReference; lastKnownFileType = sourcecode.swift; path = ContentView.swift; sourceTree = "<group>"; };
		F459D9AA284A2BB000E981D9 /* Assets.xcassets */ = {isa = PBXFileReference; lastKnownFileType = folder.assetcatalog; path = Assets.xcassets; sourceTree = "<group>"; };
		F459D9AD284A2BB000E981D9 /* Preview Assets.xcassets */ = {isa = PBXFileReference; lastKnownFileType = folder.assetcatalog; path = "Preview Assets.xcassets"; sourceTree = "<group>"; };
		F459D9AF284A2BB000E981D9 /* Persistence.swift */ = {isa = PBXFileReference; lastKnownFileType = sourcecode.swift; path = Persistence.swift; sourceTree = "<group>"; };
		F459D9B2284A2BB000E981D9 /* Danish.xcdatamodel */ = {isa = PBXFileReference; lastKnownFileType = wrapper.xcdatamodel; path = Danish.xcdatamodel; sourceTree = "<group>"; };
		F459D9BD284A2CE400E981D9 /* NetworkManager.swift */ = {isa = PBXFileReference; lastKnownFileType = sourcecode.swift; path = NetworkManager.swift; sourceTree = "<group>"; };
		F459D9BF284A2CFB00E981D9 /* APIModels.swift */ = {isa = PBXFileReference; lastKnownFileType = sourcecode.swift; path = APIModels.swift; sourceTree = "<group>"; };
		F459D9C1284A2D2000E981D9 /* HomeView.swift */ = {isa = PBXFileReference; lastKnownFileType = sourcecode.swift; path = HomeView.swift; sourceTree = "<group>"; };
		F459D9C3284A2D4D00E981D9 /* ProfileView.swift */ = {isa = PBXFileReference; lastKnownFileType = sourcecode.swift; path = ProfileView.swift; sourceTree = "<group>"; };
		F459D9C7284A2D9D00E981D9 /* Extensions.swift */ = {isa = PBXFileReference; lastKnownFileType = sourcecode.swift; path = Extensions.swift; sourceTree = "<group>"; };
/* End PBXFileReference section */

/* Begin PBXFrameworksBuildPhase section */
		F459D9A0284A2BA500E981D9 /* Frameworks */ = {
			isa = PBXFrameworksBuildPhase;
			buildActionMask = 2147483647;
			files = (
			);
			runOnlyForDeploymentPostprocessing = 0;
		};
/* End PBXFrameworksBuildPhase section */

/* Begin PBXGroup section */
		F459D99A284A2BA500E981D9 = {
			isa = PBXGroup;
			children = (
				F459D9A5284A2BA600E981D9 /* Danish */,
				F459D9A4284A2BA600E981D9 /* Products */,
			);
			sourceTree = "<group>";
		};
		F459D9A4284A2BA600E981D9 /* Products */ = {
			isa = PBXGroup;
			children = (
				F459D9A3284A2BA600E981D9 /* Danish.app */,
			);
			name = Products;
			sourceTree = "<group>";
		};
		F459D9A5284A2BA600E981D9 /* Danish */ = {
			isa = PBXGroup;
			children = (
				F459D9B9284A2C5000E981D9 /* Resources */,
				F459D9BC284A2C7B00E981D9 /* Models */,
				F459D9BB284A2C6A00E981D9 /* Assets */,
				F459D9BA284A2C6200E981D9 /* Views */,
				F459D9B1284A2BB000E981D9 /* Danish.xcdatamodeld */,
				F459D9A6284A2BA600E981D9 /* DanishApp.swift */,
				F459D9AC284A2BB000E981D9 /* Preview Content */,
			);
			path = Danish;
			sourceTree = "<group>";
		};
		F459D9AC284A2BB000E981D9 /* Preview Content */ = {
			isa = PBXGroup;
			children = (
				F459D9AD284A2BB000E981D9 /* Preview Assets.xcassets */,
			);
			path = "Preview Content";
			sourceTree = "<group>";
		};
		F459D9B9284A2C5000E981D9 /* Resources */ = {
			isa = PBXGroup;
			children = (
				F459D9BD284A2CE400E981D9 /* NetworkManager.swift */,
				F459D9C7284A2D9D00E981D9 /* Extensions.swift */,
			);
			path = Resources;
			sourceTree = "<group>";
		};
		F459D9BA284A2C6200E981D9 /* Views */ = {
			isa = PBXGroup;
			children = (
				F459D9A8284A2BA600E981D9 /* ContentView.swift */,
				F459D9C1284A2D2000E981D9 /* HomeView.swift */,
				F459D9C3284A2D4D00E981D9 /* ProfileView.swift */,
			);
			path = Views;
			sourceTree = "<group>";
		};
		F459D9BB284A2C6A00E981D9 /* Assets */ = {
			isa = PBXGroup;
			children = (
				F459D9AA284A2BB000E981D9 /* Assets.xcassets */,
			);
			path = Assets;
			sourceTree = "<group>";
		};
		F459D9BC284A2C7B00E981D9 /* Models */ = {
			isa = PBXGroup;
			children = (
				F459D9AF284A2BB000E981D9 /* Persistence.swift */,
				F459D9BF284A2CFB00E981D9 /* APIModels.swift */,
			);
			path = Models;
			sourceTree = "<group>";
		};
/* End PBXGroup section */

/* Begin PBXNativeTarget section */
		F459D9A2284A2BA500E981D9 /* Danish */ = {
			isa = PBXNativeTarget;
			buildConfigurationList = F459D9B6284A2BB000E981D9 /* Build configuration list for PBXNativeTarget "Danish" */;
			buildPhases = (
				F459D99F284A2BA500E981D9 /* Sources */,
				F459D9A0284A2BA500E981D9 /* Frameworks */,
				F459D9A1284A2BA500E981D9 /* Resources */,
			);
			buildRules = (
			);
			dependencies = (
			);
			name = Danish;
			productName = Danish;
			productReference = F459D9A3284A2BA600E981D9 /* Danish.app */;
			productType = "com.apple.product-type.application";
		};
/* End PBXNativeTarget section */

/* Begin PBXProject section */
		F459D99B284A2BA500E981D9 /* Project object */ = {
			isa = PBXProject;
			attributes = {
				BuildIndependentTargetsInParallel = 1;
				LastSwiftUpdateCheck = 1330;
				LastUpgradeCheck = 1330;
				TargetAttributes = {
					F459D9A2284A2BA500E981D9 = {
						CreatedOnToolsVersion = 13.3;
					};
				};
			};
			buildConfigurationList = F459D99E284A2BA500E981D9 /* Build configuration list for PBXProject "Danish" */;
			compatibilityVersion = "Xcode 13.0";
			developmentRegion = en;
			hasScannedForEncodings = 0;
			knownRegions = (
				en,
				Base,
			);
			mainGroup = F459D99A284A2BA500E981D9;
			productRefGroup = F459D9A4284A2BA600E981D9 /* Products */;
			projectDirPath = "";
			projectRoot = "";
			targets = (
				F459D9A2284A2BA500E981D9 /* Danish */,
			);
		};
/* End PBXProject section */

/* Begin PBXResourcesBuildPhase section */
		F459D9A1284A2BA500E981D9 /* Resources */ = {
			isa = PBXResourcesBuildPhase;
			buildActionMask = 2147483647;
			files = (
				F459D9AE284A2BB000E981D9 /* Preview Assets.xcassets in Resources */,
				F459D9AB284A2BB000E981D9 /* Assets.xcassets in Resources */,
			);
			runOnlyForDeploymentPostprocessing = 0;
		};
/* End PBXResourcesBuildPhase section */

/* Begin PBXSourcesBuildPhase section */
		F459D99F284A2BA500E981D9 /* Sources */ = {
			isa = PBXSourcesBuildPhase;
			buildActionMask = 2147483647;
			files = (
				F459D9C4284A2D4D00E981D9 /* ProfileView.swift in Sources */,
				F459D9C8284A2D9D00E981D9 /* Extensions.swift in Sources */,
				F459D9C0284A2CFB00E981D9 /* APIModels.swift in Sources */,
				F459D9C2284A2D2000E981D9 /* HomeView.swift in Sources */,
				F459D9B0284A2BB000E981D9 /* Persistence.swift in Sources */,
				F459D9A9284A2BA600E981D9 /* ContentView.swift in Sources */,
				F459D9BE284A2CE400E981D9 /* NetworkManager.swift in Sources */,
				F459D9B3284A2BB000E981D9 /* Danish.xcdatamodeld in Sources */,
				F459D9A7284A2BA600E981D9 /* DanishApp.swift in Sources */,
			);
			runOnlyForDeploymentPostprocessing = 0;
		};
/* End PBXSourcesBuildPhase section */

/* Begin XCBuildConfiguration section */
		F459D9B4284A2BB000E981D9 /* Debug */ = {
			isa = XCBuildConfiguration;
			buildSettings = {
				ALWAYS_SEARCH_USER_PATHS = NO;
				CLANG_ANALYZER_NONNULL = YES;
				CLANG_ANALYZER_NUMBER_OBJECT_CONVERSION = YES_AGGRESSIVE;
				CLANG_CXX_LANGUAGE_STANDARD = "gnu++17";
				CLANG_ENABLE_MODULES = YES;
				CLANG_ENABLE_OBJC_ARC = YES;
				CLANG_ENABLE_OBJC_WEAK = YES;
				CLANG_WARN_BLOCK_CAPTURE_AUTORELEASING = YES;
				CLANG_WARN_BOOL_CONVERSION = YES;
				CLANG_WARN_COMMA = YES;
				CLANG_WARN_CONSTANT_CONVERSION = YES;
				CLANG_WARN_DEPRECATED_OBJC_IMPLEMENTATIONS = YES;
				CLANG_WARN_DIRECT_OBJC_ISA_USAGE = YES_ERROR;
				CLANG_WARN_DOCUMENTATION_COMMENTS = YES;
				CLANG_WARN_EMPTY_BODY = YES;
				CLANG_WARN_ENUM_CONVERSION = YES;
				CLANG_WARN_INFINITE_RECURSION = YES;
				CLANG_WARN_INT_CONVERSION = YES;
				CLANG_WARN_NON_LITERAL_NULL_CONVERSION = YES;
				CLANG_WARN_OBJC_IMPLICIT_RETAIN_SELF = YES;
				CLANG_WARN_OBJC_LITERAL_CONVERSION = YES;
				CLANG_WARN_OBJC_ROOT_CLASS = YES_ERROR;
				CLANG_WARN_QUOTED_INCLUDE_IN_FRAMEWORK_HEADER = YES;
				CLANG_WARN_RANGE_LOOP_ANALYSIS = YES;
				CLANG_WARN_STRICT_PROTOTYPES = YES;
				CLANG_WARN_SUSPICIOUS_MOVE = YES;
				CLANG_WARN_UNGUARDED_AVAILABILITY = YES_AGGRESSIVE;
				CLANG_WARN_UNREACHABLE_CODE = YES;
				CLANG_WARN__DUPLICATE_METHOD_MATCH = YES;
				COPY_PHASE_STRIP = NO;
				DEBUG_INFORMATION_FORMAT = dwarf;
				ENABLE_STRICT_OBJC_MSGSEND = YES;
				ENABLE_TESTABILITY = YES;
				GCC_C_LANGUAGE_STANDARD = gnu11;
				GCC_DYNAMIC_NO_PIC = NO;
				GCC_NO_COMMON_BLOCKS = YES;
				GCC_OPTIMIZATION_LEVEL = 0;
				GCC_PREPROCESSOR_DEFINITIONS = (
					"DEBUG=1",
					"$(inherited)",
				);
				GCC_WARN_64_TO_32_BIT_CONVERSION = YES;
				GCC_WARN_ABOUT_RETURN_TYPE = YES_ERROR;
				GCC_WARN_UNDECLARED_SELECTOR = YES;
				GCC_WARN_UNINITIALIZED_AUTOS = YES_AGGRESSIVE;
				GCC_WARN_UNUSED_FUNCTION = YES;
				GCC_WARN_UNUSED_VARIABLE = YES;
				IPHONEOS_DEPLOYMENT_TARGET = 15.4;
				MTL_ENABLE_DEBUG_INFO = INCLUDE_SOURCE;
				MTL_FAST_MATH = YES;
				ONLY_ACTIVE_ARCH = YES;
				SDKROOT = iphoneos;
				SWIFT_ACTIVE_COMPILATION_CONDITIONS = DEBUG;
				SWIFT_OPTIMIZATION_LEVEL = "-Onone";
			};
			name = Debug;
		};
		F459D9B5284A2BB000E981D9 /* Release */ = {
			isa = XCBuildConfiguration;
			buildSettings = {
				ALWAYS_SEARCH_USER_PATHS = NO;
				CLANG_ANALYZER_NONNULL = YES;
				CLANG_ANALYZER_NUMBER_OBJECT_CONVERSION = YES_AGGRESSIVE;
				CLANG_CXX_LANGUAGE_STANDARD = "gnu++17";
				CLANG_ENABLE_MODULES = YES;
				CLANG_ENABLE_OBJC_ARC = YES;
				CLANG_ENABLE_OBJC_WEAK = YES;
				CLANG_WARN_BLOCK_CAPTURE_AUTORELEASING = YES;
				CLANG_WARN_BOOL_CONVERSION = YES;
				CLANG_WARN_COMMA = YES;
				CLANG_WARN_CONSTANT_CONVERSION = YES;
				CLANG_WARN_DEPRECATED_OBJC_IMPLEMENTATIONS = YES;
				CLANG_WARN_DIRECT_OBJC_ISA_USAGE = YES_ERROR;
				CLANG_WARN_DOCUMENTATION_COMMENTS = YES;
				CLANG_WARN_EMPTY_BODY = YES;
				CLANG_WARN_ENUM_CONVERSION = YES;
				CLANG_WARN_INFINITE_RECURSION = YES;
				CLANG_WARN_INT_CONVERSION = YES;
				CLANG_WARN_NON_LITERAL_NULL_CONVERSION = YES;
				CLANG_WARN_OBJC_IMPLICIT_RETAIN_SELF = YES;
				CLANG_WARN_OBJC_LITERAL_CONVERSION = YES;
				CLANG_WARN_OBJC_ROOT_CLASS = YES_ERROR;
				CLANG_WARN_QUOTED_INCLUDE_IN_FRAMEWORK_HEADER = YES;
				CLANG_WARN_RANGE_LOOP_ANALYSIS = YES;
				CLANG_WARN_STRICT_PROTOTYPES = YES;
				CLANG_WARN_SUSPICIOUS_MOVE = YES;
				CLANG_WARN_UNGUARDED_AVAILABILITY = YES_AGGRESSIVE;
				CLANG_WARN_UNREACHABLE_CODE = YES;
				CLANG_WARN__DUPLICATE_METHOD_MATCH = YES;
				COPY_PHASE_STRIP = NO;
				DEBUG_INFORMATION_FORMAT = "dwarf-with-dsym";
				ENABLE_NS_ASSERTIONS = NO;
				ENABLE_STRICT_OBJC_MSGSEND = YES;
				GCC_C_LANGUAGE_STANDARD = gnu11;
				GCC_NO_COMMON_BLOCKS = YES;
				GCC_WARN_64_TO_32_BIT_CONVERSION = YES;
				GCC_WARN_ABOUT_RETURN_TYPE = YES_ERROR;
				GCC_WARN_UNDECLARED_SELECTOR = YES;
				GCC_WARN_UNINITIALIZED_AUTOS = YES_AGGRESSIVE;
				GCC_WARN_UNUSED_FUNCTION = YES;
				GCC_WARN_UNUSED_VARIABLE = YES;
				IPHONEOS_DEPLOYMENT_TARGET = 15.4;
				MTL_ENABLE_DEBUG_INFO = NO;
				MTL_FAST_MATH = YES;
				SDKROOT = iphoneos;
				SWIFT_COMPILATION_MODE = wholemodule;
				SWIFT_OPTIMIZATION_LEVEL = "-O";
				VALIDATE_PRODUCT = YES;
			};
			name = Release;
		};
		F459D9B7284A2BB000E981D9 /* Debug */ = {
			isa = XCBuildConfiguration;
			buildSettings = {
				ASSETCATALOG_COMPILER_APPICON_NAME = AppIcon;
				ASSETCATALOG_COMPILER_GLOBAL_ACCENT_COLOR_NAME = AccentColor;
				CODE_SIGN_STYLE = Automatic;
				CURRENT_PROJECT_VERSION = 1;
				DEVELOPMENT_ASSET_PATHS = "\"Danish/Preview Content\"";
				DEVELOPMENT_TEAM = V3234JNRQ9;
				ENABLE_PREVIEWS = YES;
				GENERATE_INFOPLIST_FILE = YES;
				INFOPLIST_KEY_UIApplicationSceneManifest_Generation = YES;
				INFOPLIST_KEY_UIApplicationSupportsIndirectInputEvents = YES;
				INFOPLIST_KEY_UILaunchScreen_Generation = YES;
				INFOPLIST_KEY_UISupportedInterfaceOrientations = UIInterfaceOrientationPortrait;
				INFOPLIST_KEY_UISupportedInterfaceOrientations_iPad = "UIInterfaceOrientationPortrait UIInterfaceOrientationPortraitUpsideDown UIInterfaceOrientationLandscapeLeft UIInterfaceOrientationLandscapeRight";
				INFOPLIST_KEY_UISupportedInterfaceOrientations_iPhone = "UIInterfaceOrientationPortrait UIInterfaceOrientationLandscapeLeft UIInterfaceOrientationLandscapeRight";
				IPHONEOS_DEPLOYMENT_TARGET = 14.0;
				LD_RUNPATH_SEARCH_PATHS = (
					"$(inherited)",
					"@executable_path/Frameworks",
				);
				MARKETING_VERSION = 1.0;
				PRODUCT_BUNDLE_IDENTIFIER = com.matishirzad.Danish.Danish;
				PRODUCT_NAME = "$(TARGET_NAME)";
				SWIFT_EMIT_LOC_STRINGS = YES;
				SWIFT_VERSION = 5.0;
				TARGETED_DEVICE_FAMILY = "1,2";
			};
			name = Debug;
		};
		F459D9B8284A2BB000E981D9 /* Release */ = {
			isa = XCBuildConfiguration;
			buildSettings = {
				ASSETCATALOG_COMPILER_APPICON_NAME = AppIcon;
				ASSETCATALOG_COMPILER_GLOBAL_ACCENT_COLOR_NAME = AccentColor;
				CODE_SIGN_STYLE = Automatic;
				CURRENT_PROJECT_VERSION = 1;
				DEVELOPMENT_ASSET_PATHS = "\"Danish/Preview Content\"";
				DEVELOPMENT_TEAM = V3234JNRQ9;
				ENABLE_PREVIEWS = YES;
				GENERATE_INFOPLIST_FILE = YES;
				INFOPLIST_KEY_UIApplicationSceneManifest_Generation = YES;
				INFOPLIST_KEY_UIApplicationSupportsIndirectInputEvents = YES;
				INFOPLIST_KEY_UILaunchScreen_Generation = YES;
				INFOPLIST_KEY_UISupportedInterfaceOrientations = UIInterfaceOrientationPortrait;
				INFOPLIST_KEY_UISupportedInterfaceOrientations_iPad = "UIInterfaceOrientationPortrait UIInterfaceOrientationPortraitUpsideDown UIInterfaceOrientationLandscapeLeft UIInterfaceOrientationLandscapeRight";
				INFOPLIST_KEY_UISupportedInterfaceOrientations_iPhone = "UIInterfaceOrientationPortrait UIInterfaceOrientationLandscapeLeft UIInterfaceOrientationLandscapeRight";
				IPHONEOS_DEPLOYMENT_TARGET = 14.0;
				LD_RUNPATH_SEARCH_PATHS = (
					"$(inherited)",
					"@executable_path/Frameworks",
				);
				MARKETING_VERSION = 1.0;
				PRODUCT_BUNDLE_IDENTIFIER = com.matishirzad.Danish.Danish;
				PRODUCT_NAME = "$(TARGET_NAME)";
				SWIFT_EMIT_LOC_STRINGS = YES;
				SWIFT_VERSION = 5.0;
				TARGETED_DEVICE_FAMILY = "1,2";
			};
			name = Release;
		};
/* End XCBuildConfiguration section */

/* Begin XCConfigurationList section */
		F459D99E284A2BA500E981D9 /* Build configuration list for PBXProject "Danish" */ = {
			isa = XCConfigurationList;
			buildConfigurations = (
				F459D9B4284A2BB000E981D9 /* Debug */,
				F459D9B5284A2BB000E981D9 /* Release */,
			);
			defaultConfigurationIsVisible = 0;
			defaultConfigurationName = Release;
		};
		F459D9B6284A2BB000E981D9 /* Build configuration list for PBXNativeTarget "Danish" */ = {
			isa = XCConfigurationList;
			buildConfigurations = (
				F459D9B7284A2BB000E981D9 /* Debug */,
				F459D9B8284A2BB000E981D9 /* Release */,
			);
			defaultConfigurationIsVisible = 0;
			defaultConfigurationName = Release;
		};
/* End XCConfigurationList section */

/* Begin XCVersionGroup section */
		F459D9B1284A2BB000E981D9 /* Danish.xcdatamodeld */ = {
			isa = XCVersionGroup;
			children = (
				F459D9B2284A2BB000E981D9 /* Danish.xcdatamodel */,
			);
			currentVersion = F459D9B2284A2BB000E981D9 /* Danish.xcdatamodel */;
			path = Danish.xcdatamodeld;
			sourceTree = "<group>";
			versionGroupType = wrapper.xcdatamodel;
		};
/* End XCVersionGroup section */
	};
	rootObject = F459D99B284A2BA500E981D9 /* Project object */;
}
